// !$*UTF8*$!
{
	archiveVersion = 1;
	classes = {
	};
	objectVersion = 46;
	objects = {

/* Begin PBXBuildFile section */
		8E8454261B7472A900628AE2 /* AppDelegate.swift in Sources */ = {isa = PBXBuildFile; fileRef = 8E8454251B7472A900628AE2 /* AppDelegate.swift */; };
		8E8454291B7472A900628AE2 /* SimpleCircleCountdownView.xcdatamodeld in Sources */ = {isa = PBXBuildFile; fileRef = 8E8454271B7472A900628AE2 /* SimpleCircleCountdownView.xcdatamodeld */; };
		8E84542B1B7472A900628AE2 /* ViewController.swift in Sources */ = {isa = PBXBuildFile; fileRef = 8E84542A1B7472A900628AE2 /* ViewController.swift */; };
		8E84542E1B7472A900628AE2 /* Main.storyboard in Resources */ = {isa = PBXBuildFile; fileRef = 8E84542C1B7472A900628AE2 /* Main.storyboard */; };
		8E8454301B7472A900628AE2 /* Images.xcassets in Resources */ = {isa = PBXBuildFile; fileRef = 8E84542F1B7472A900628AE2 /* Images.xcassets */; };
		8E8454331B7472A900628AE2 /* LaunchScreen.xib in Resources */ = {isa = PBXBuildFile; fileRef = 8E8454311B7472A900628AE2 /* LaunchScreen.xib */; };
		8E84543F1B7472A900628AE2 /* SimpleCircleCountdownViewTests.swift in Sources */ = {isa = PBXBuildFile; fileRef = 8E84543E1B7472A900628AE2 /* SimpleCircleCountdownViewTests.swift */; };
		8E8454491B7472BF00628AE2 /* SimpleCountdownView.swift in Sources */ = {isa = PBXBuildFile; fileRef = 8E8454481B7472BF00628AE2 /* SimpleCountdownView.swift */; };
/* End PBXBuildFile section */

/* Begin PBXContainerItemProxy section */
		8E8454391B7472A900628AE2 /* PBXContainerItemProxy */ = {
			isa = PBXContainerItemProxy;
			containerPortal = 8E8454181B7472A800628AE2 /* Project object */;
			proxyType = 1;
			remoteGlobalIDString = 8E84541F1B7472A800628AE2;
			remoteInfo = SimpleCircleCountdownView;
		};
/* End PBXContainerItemProxy section */

/* Begin PBXFileReference section */
		8E8454201B7472A800628AE2 /* SimpleCircleCountdownView.app */ = {isa = PBXFileReference; explicitFileType = wrapper.application; includeInIndex = 0; path = SimpleCircleCountdownView.app; sourceTree = BUILT_PRODUCTS_DIR; };
		8E8454241B7472A800628AE2 /* Info.plist */ = {isa = PBXFileReference; lastKnownFileType = text.plist.xml; path = Info.plist; sourceTree = "<group>"; };
		8E8454251B7472A900628AE2 /* AppDelegate.swift */ = {isa = PBXFileReference; lastKnownFileType = sourcecode.swift; path = AppDelegate.swift; sourceTree = "<group>"; };
		8E8454281B7472A900628AE2 /* SimpleCircleCountdownView.xcdatamodel */ = {isa = PBXFileReference; lastKnownFileType = wrapper.xcdatamodel; path = SimpleCircleCountdownView.xcdatamodel; sourceTree = "<group>"; };
		8E84542A1B7472A900628AE2 /* ViewController.swift */ = {isa = PBXFileReference; lastKnownFileType = sourcecode.swift; path = ViewController.swift; sourceTree = "<group>"; };
		8E84542D1B7472A900628AE2 /* Base */ = {isa = PBXFileReference; lastKnownFileType = file.storyboard; name = Base; path = Base.lproj/Main.storyboard; sourceTree = "<group>"; };
		8E84542F1B7472A900628AE2 /* Images.xcassets */ = {isa = PBXFileReference; lastKnownFileType = folder.assetcatalog; path = Images.xcassets; sourceTree = "<group>"; };
		8E8454321B7472A900628AE2 /* Base */ = {isa = PBXFileReference; lastKnownFileType = file.xib; name = Base; path = Base.lproj/LaunchScreen.xib; sourceTree = "<group>"; };
		8E8454381B7472A900628AE2 /* SimpleCircleCountdownViewTests.xctest */ = {isa = PBXFileReference; explicitFileType = wrapper.cfbundle; includeInIndex = 0; path = SimpleCircleCountdownViewTests.xctest; sourceTree = BUILT_PRODUCTS_DIR; };
		8E84543D1B7472A900628AE2 /* Info.plist */ = {isa = PBXFileReference; lastKnownFileType = text.plist.xml; path = Info.plist; sourceTree = "<group>"; };
		8E84543E1B7472A900628AE2 /* SimpleCircleCountdownViewTests.swift */ = {isa = PBXFileReference; lastKnownFileType = sourcecode.swift; path = SimpleCircleCountdownViewTests.swift; sourceTree = "<group>"; };
		8E8454481B7472BF00628AE2 /* SimpleCountdownView.swift */ = {isa = PBXFileReference; fileEncoding = 4; lastKnownFileType = sourcecode.swift; path = SimpleCountdownView.swift; sourceTree = "<group>"; };
/* End PBXFileReference section */

/* Begin PBXFrameworksBuildPhase section */
		8E84541D1B7472A800628AE2 /* Frameworks */ = {
			isa = PBXFrameworksBuildPhase;
			buildActionMask = 2147483647;
			files = (
			);
			runOnlyForDeploymentPostprocessing = 0;
		};
		8E8454351B7472A900628AE2 /* Frameworks */ = {
			isa = PBXFrameworksBuildPhase;
			buildActionMask = 2147483647;
			files = (
			);
			runOnlyForDeploymentPostprocessing = 0;
		};
/* End PBXFrameworksBuildPhase section */

/* Begin PBXGroup section */
		8E8454171B7472A800628AE2 = {
			isa = PBXGroup;
			children = (
				8E8454221B7472A800628AE2 /* SimpleCircleCountdownView */,
				8E84543B1B7472A900628AE2 /* SimpleCircleCountdownViewTests */,
				8E8454211B7472A800628AE2 /* Products */,
			);
			sourceTree = "<group>";
		};
		8E8454211B7472A800628AE2 /* Products */ = {
			isa = PBXGroup;
			children = (
				8E8454201B7472A800628AE2 /* SimpleCircleCountdownView.app */,
				8E8454381B7472A900628AE2 /* SimpleCircleCountdownViewTests.xctest */,
			);
			name = Products;
			sourceTree = "<group>";
		};
		8E8454221B7472A800628AE2 /* SimpleCircleCountdownView */ = {
			isa = PBXGroup;
			children = (
				8E8454481B7472BF00628AE2 /* SimpleCountdownView.swift */,
				8E8454251B7472A900628AE2 /* AppDelegate.swift */,
				8E84542A1B7472A900628AE2 /* ViewController.swift */,
				8E84542C1B7472A900628AE2 /* Main.storyboard */,
				8E84542F1B7472A900628AE2 /* Images.xcassets */,
				8E8454311B7472A900628AE2 /* LaunchScreen.xib */,
				8E8454271B7472A900628AE2 /* SimpleCircleCountdownView.xcdatamodeld */,
				8E8454231B7472A800628AE2 /* Supporting Files */,
			);
			path = SimpleCircleCountdownView;
			sourceTree = "<group>";
		};
		8E8454231B7472A800628AE2 /* Supporting Files */ = {
			isa = PBXGroup;
			children = (
				8E8454241B7472A800628AE2 /* Info.plist */,
			);
			name = "Supporting Files";
			sourceTree = "<group>";
		};
		8E84543B1B7472A900628AE2 /* SimpleCircleCountdownViewTests */ = {
			isa = PBXGroup;
			children = (
				8E84543E1B7472A900628AE2 /* SimpleCircleCountdownViewTests.swift */,
				8E84543C1B7472A900628AE2 /* Supporting Files */,
			);
			path = SimpleCircleCountdownViewTests;
			sourceTree = "<group>";
		};
		8E84543C1B7472A900628AE2 /* Supporting Files */ = {
			isa = PBXGroup;
			children = (
				8E84543D1B7472A900628AE2 /* Info.plist */,
			);
			name = "Supporting Files";
			sourceTree = "<group>";
		};
/* End PBXGroup section */

/* Begin PBXNativeTarget section */
		8E84541F1B7472A800628AE2 /* SimpleCircleCountdownView */ = {
			isa = PBXNativeTarget;
			buildConfigurationList = 8E8454421B7472A900628AE2 /* Build configuration list for PBXNativeTarget "SimpleCircleCountdownView" */;
			buildPhases = (
				8E84541C1B7472A800628AE2 /* Sources */,
				8E84541D1B7472A800628AE2 /* Frameworks */,
				8E84541E1B7472A800628AE2 /* Resources */,
			);
			buildRules = (
			);
			dependencies = (
			);
			name = SimpleCircleCountdownView;
			productName = SimpleCircleCountdownView;
			productReference = 8E8454201B7472A800628AE2 /* SimpleCircleCountdownView.app */;
			productType = "com.apple.product-type.application";
		};
		8E8454371B7472A900628AE2 /* SimpleCircleCountdownViewTests */ = {
			isa = PBXNativeTarget;
			buildConfigurationList = 8E8454451B7472A900628AE2 /* Build configuration list for PBXNativeTarget "SimpleCircleCountdownViewTests" */;
			buildPhases = (
				8E8454341B7472A900628AE2 /* Sources */,
				8E8454351B7472A900628AE2 /* Frameworks */,
				8E8454361B7472A900628AE2 /* Resources */,
			);
			buildRules = (
			);
			dependencies = (
				8E84543A1B7472A900628AE2 /* PBXTargetDependency */,
			);
			name = SimpleCircleCountdownViewTests;
			productName = SimpleCircleCountdownViewTests;
			productReference = 8E8454381B7472A900628AE2 /* SimpleCircleCountdownViewTests.xctest */;
			productType = "com.apple.product-type.bundle.unit-test";
		};
/* End PBXNativeTarget section */

/* Begin PBXProject section */
		8E8454181B7472A800628AE2 /* Project object */ = {
			isa = PBXProject;
			attributes = {
				LastUpgradeCheck = 0640;
				ORGANIZATIONNAME = shenyun;
				TargetAttributes = {
					8E84541F1B7472A800628AE2 = {
						CreatedOnToolsVersion = 6.4;
					};
					8E8454371B7472A900628AE2 = {
						CreatedOnToolsVersion = 6.4;
						TestTargetID = 8E84541F1B7472A800628AE2;
					};
				};
			};
			buildConfigurationList = 8E84541B1B7472A800628AE2 /* Build configuration list for PBXProject "SimpleCircleCountdownView" */;
			compatibilityVersion = "Xcode 3.2";
			developmentRegion = English;
			hasScannedForEncodings = 0;
			knownRegions = (
				en,
				Base,
			);
			mainGroup = 8E8454171B7472A800628AE2;
			productRefGroup = 8E8454211B7472A800628AE2 /* Products */;
			projectDirPath = "";
			projectRoot = "";
			targets = (
				8E84541F1B7472A800628AE2 /* SimpleCircleCountdownView */,
				8E8454371B7472A900628AE2 /* SimpleCircleCountdownViewTests */,
			);
		};
/* End PBXProject section */

/* Begin PBXResourcesBuildPhase section */
		8E84541E1B7472A800628AE2 /* Resources */ = {
			isa = PBXResourcesBuildPhase;
			buildActionMask = 2147483647;
			files = (
				8E84542E1B7472A900628AE2 /* Main.storyboard in Resources */,
				8E8454331B7472A900628AE2 /* LaunchScreen.xib in Resources */,
				8E8454301B7472A900628AE2 /* Images.xcassets in Resources */,
			);
			runOnlyForDeploymentPostprocessing = 0;
		};
		8E8454361B7472A900628AE2 /* Resources */ = {
			isa = PBXResourcesBuildPhase;
			buildActionMask = 2147483647;
			files = (
			);
			runOnlyForDeploymentPostprocessing = 0;
		};
/* End PBXResourcesBuildPhase section */

/* Begin PBXSourcesBuildPhase section */
		8E84541C1B7472A800628AE2 /* Sources */ = {
			isa = PBXSourcesBuildPhase;
			buildActionMask = 2147483647;
			files = (
				8E84542B1B7472A900628AE2 /* ViewController.swift in Sources */,
				8E8454291B7472A900628AE2 /* SimpleCircleCountdownView.xcdatamodeld in Sources */,
				8E8454491B7472BF00628AE2 /* SimpleCountdownView.swift in Sources */,
				8E8454261B7472A900628AE2 /* AppDelegate.swift in Sources */,
			);
			runOnlyForDeploymentPostprocessing = 0;
		};
		8E8454341B7472A900628AE2 /* Sources */ = {
			isa = PBXSourcesBuildPhase;
			buildActionMask = 2147483647;
			files = (
				8E84543F1B7472A900628AE2 /* SimpleCircleCountdownViewTests.swift in Sources */,
			);
			runOnlyForDeploymentPostprocessing = 0;
		};
/* End PBXSourcesBuildPhase section */

/* Begin PBXTargetDependency section */
		8E84543A1B7472A900628AE2 /* PBXTargetDependency */ = {
			isa = PBXTargetDependency;
			target = 8E84541F1B7472A800628AE2 /* SimpleCircleCountdownView */;
			targetProxy = 8E8454391B7472A900628AE2 /* PBXContainerItemProxy */;
		};
/* End PBXTargetDependency section */

/* Begin PBXVariantGroup section */
		8E84542C1B7472A900628AE2 /* Main.storyboard */ = {
			isa = PBXVariantGroup;
			children = (
				8E84542D1B7472A900628AE2 /* Base */,
			);
			name = Main.storyboard;
			sourceTree = "<group>";
		};
		8E8454311B7472A900628AE2 /* LaunchScreen.xib */ = {
			isa = PBXVariantGroup;
			children = (
				8E8454321B7472A900628AE2 /* Base */,
			);
			name = LaunchScreen.xib;
			sourceTree = "<group>";
		};
/* End PBXVariantGroup section */

/* Begin XCBuildConfiguration section */
		8E8454401B7472A900628AE2 /* Debug */ = {
			isa = XCBuildConfiguration;
			buildSettings = {
				ALWAYS_SEARCH_USER_PATHS = NO;
				CLANG_CXX_LANGUAGE_STANDARD = "gnu++0x";
				CLANG_CXX_LIBRARY = "libc++";
				CLANG_ENABLE_MODULES = YES;
				CLANG_ENABLE_OBJC_ARC = YES;
				CLANG_WARN_BOOL_CONVERSION = YES;
				CLANG_WARN_CONSTANT_CONVERSION = YES;
				CLANG_WARN_DIRECT_OBJC_ISA_USAGE = YES_ERROR;
				CLANG_WARN_EMPTY_BODY = YES;
				CLANG_WARN_ENUM_CONVERSION = YES;
				CLANG_WARN_INT_CONVERSION = YES;
				CLANG_WARN_OBJC_ROOT_CLASS = YES_ERROR;
				CLANG_WARN_UNREACHABLE_CODE = YES;
				CLANG_WARN__DUPLICATE_METHOD_MATCH = YES;
				"CODE_SIGN_IDENTITY[sdk=iphoneos*]" = "iPhone Developer";
				COPY_PHASE_STRIP = NO;
				DEBUG_INFORMATION_FORMAT = "dwarf-with-dsym";
				ENABLE_STRICT_OBJC_MSGSEND = YES;
				GCC_C_LANGUAGE_STANDARD = gnu99;
				GCC_DYNAMIC_NO_PIC = NO;
				GCC_NO_COMMON_BLOCKS = YES;
				GCC_OPTIMIZATION_LEVEL = 0;
				GCC_PREPROCESSOR_DEFINITIONS = (
					"DEBUG=1",
					"$(inherited)",
				);
				GCC_SYMBOLS_PRIVATE_EXTERN = NO;
				GCC_WARN_64_TO_32_BIT_CONVERSION = YES;
				GCC_WARN_ABOUT_RETURN_TYPE = YES_ERROR;
				GCC_WARN_UNDECLARED_SELECTOR = YES;
				GCC_WARN_UNINITIALIZED_AUTOS = YES_AGGRESSIVE;
				GCC_WARN_UNUSED_FUNCTION = YES;
				GCC_WARN_UNUSED_VARIABLE = YES;
				IPHONEOS_DEPLOYMENT_TARGET = 8.4;
				MTL_ENABLE_DEBUG_INFO = YES;
				ONLY_ACTIVE_ARCH = YES;
				SDKROOT = iphoneos;
				SWIFT_OPTIMIZATION_LEVEL = "-Onone";
				TARGETED_DEVICE_FAMILY = "1,2";
			};
			name = Debug;
		};
		8E8454411B7472A900628AE2 /* Release */ = {
			isa = XCBuildConfiguration;
			buildSettings = {
				ALWAYS_SEARCH_USER_PATHS = NO;
				CLANG_CXX_LANGUAGE_STANDARD = "gnu++0x";
				CLANG_CXX_LIBRARY = "libc++";
				CLANG_ENABLE_MODULES = YES;
				CLANG_ENABLE_OBJC_ARC = YES;
				CLANG_WARN_BOOL_CONVERSION = YES;
				CLANG_WARN_CONSTANT_CONVERSION = YES;
				CLANG_WARN_DIRECT_OBJC_ISA_USAGE = YES_ERROR;
				CLANG_WARN_EMPTY_BODY = YES;
				CLANG_WARN_ENUM_CONVERSION = YES;
				CLANG_WARN_INT_CONVERSION = YES;
				CLANG_WARN_OBJC_ROOT_CLASS = YES_ERROR;
				CLANG_WARN_UNREACHABLE_CODE = YES;
				CLANG_WARN__DUPLICATE_METHOD_MATCH = YES;
				"CODE_SIGN_IDENTITY[sdk=iphoneos*]" = "iPhone Developer";
				COPY_PHASE_STRIP = NO;
				DEBUG_INFORMATION_FORMAT = "dwarf-with-dsym";
				ENABLE_NS_ASSERTIONS = NO;
				ENABLE_STRICT_OBJC_MSGSEND = YES;
				GCC_C_LANGUAGE_STANDARD = gnu99;
				GCC_NO_COMMON_BLOCKS = YES;
				GCC_WARN_64_TO_32_BIT_CONVERSION = YES;
				GCC_WARN_ABOUT_RETURN_TYPE = YES_ERROR;
				GCC_WARN_UNDECLARED_SELECTOR = YES;
				GCC_WARN_UNINITIALIZED_AUTOS = YES_AGGRESSIVE;
				GCC_WARN_UNUSED_FUNCTION = YES;
				GCC_WARN_UNUSED_VARIABLE = YES;
				IPHONEOS_DEPLOYMENT_TARGET = 8.4;
				MTL_ENABLE_DEBUG_INFO = NO;
				SDKROOT = iphoneos;
				TARGETED_DEVICE_FAMILY = "1,2";
				VALIDATE_PRODUCT = YES;
			};
			name = Release;
		};
		8E8454431B7472A900628AE2 /* Debug */ = {
			isa = XCBuildConfiguration;
			buildSettings = {
				ASSETCATALOG_COMPILER_APPICON_NAME = AppIcon;
				INFOPLIST_FILE = SimpleCircleCountdownView/Info.plist;
				LD_RUNPATH_SEARCH_PATHS = "$(inherited) @executable_path/Frameworks";
				PRODUCT_NAME = "$(TARGET_NAME)";
			};
			name = Debug;
		};
		8E8454441B7472A900628AE2 /* Release */ = {
			isa = XCBuildConfiguration;
			buildSettings = {
				ASSETCATALOG_COMPILER_APPICON_NAME = AppIcon;
				INFOPLIST_FILE = SimpleCircleCountdownView/Info.plist;
				LD_RUNPATH_SEARCH_PATHS = "$(inherited) @executable_path/Frameworks";
				PRODUCT_NAME = "$(TARGET_NAME)";
			};
			name = Release;
		};
		8E8454461B7472A900628AE2 /* Debug */ = {
			isa = XCBuildConfiguration;
			buildSettings = {
				BUNDLE_LOADER = "$(TEST_HOST)";
				FRAMEWORK_SEARCH_PATHS = (
					"$(SDKROOT)/Developer/Library/Frameworks",
					"$(inherited)",
				);
				GCC_PREPROCESSOR_DEFINITIONS = (
					"DEBUG=1",
					"$(inherited)",
				);
				INFOPLIST_FILE = SimpleCircleCountdownViewTests/Info.plist;
				LD_RUNPATH_SEARCH_PATHS = "$(inherited) @executable_path/Frameworks @loader_path/Frameworks";
				PRODUCT_NAME = "$(TARGET_NAME)";
				TEST_HOST = "$(BUILT_PRODUCTS_DIR)/SimpleCircleCountdownView.app/SimpleCircleCountdownView";
			};
			name = Debug;
		};
		8E8454471B7472A900628AE2 /* Release */ = {
			isa = XCBuildConfiguration;
			buildSettings = {
				BUNDLE_LOADER = "$(TEST_HOST)";
				FRAMEWORK_SEARCH_PATHS = (
					"$(SDKROOT)/Developer/Library/Frameworks",
					"$(inherited)",
				);
				INFOPLIST_FILE = SimpleCircleCountdownViewTests/Info.plist;
				LD_RUNPATH_SEARCH_PATHS = "$(inherited) @executable_path/Frameworks @loader_path/Frameworks";
				PRODUCT_NAME = "$(TARGET_NAME)";
				TEST_HOST = "$(BUILT_PRODUCTS_DIR)/SimpleCircleCountdownView.app/SimpleCircleCountdownView";
			};
			name = Release;
		};
/* End XCBuildConfiguration section */

/* Begin XCConfigurationList section */
		8E84541B1B7472A800628AE2 /* Build configuration list for PBXProject "SimpleCircleCountdownView" */ = {
			isa = XCConfigurationList;
			buildConfigurations = (
				8E8454401B7472A900628AE2 /* Debug */,
				8E8454411B7472A900628AE2 /* Release */,
			);
			defaultConfigurationIsVisible = 0;
			defaultConfigurationName = Release;
		};
		8E8454421B7472A900628AE2 /* Build configuration list for PBXNativeTarget "SimpleCircleCountdownView" */ = {
			isa = XCConfigurationList;
			buildConfigurations = (
				8E8454431B7472A900628AE2 /* Debug */,
				8E8454441B7472A900628AE2 /* Release */,
			);
			defaultConfigurationIsVisible = 0;
		};
		8E8454451B7472A900628AE2 /* Build configuration list for PBXNativeTarget "SimpleCircleCountdownViewTests" */ = {
			isa = XCConfigurationList;
			buildConfigurations = (
				8E8454461B7472A900628AE2 /* Debug */,
				8E8454471B7472A900628AE2 /* Release */,
			);
			defaultConfigurationIsVisible = 0;
		};
/* End XCConfigurationList section */

/* Begin XCVersionGroup section */
		8E8454271B7472A900628AE2 /* SimpleCircleCountdownView.xcdatamodeld */ = {
			isa = XCVersionGroup;
			children = (
				8E8454281B7472A900628AE2 /* SimpleCircleCountdownView.xcdatamodel */,
			);
			currentVersion = 8E8454281B7472A900628AE2 /* SimpleCircleCountdownView.xcdatamodel */;
			path = SimpleCircleCountdownView.xcdatamodeld;
			sourceTree = "<group>";
			versionGroupType = wrapper.xcdatamodel;
		};
/* End XCVersionGroup section */
	};
	rootObject = 8E8454181B7472A800628AE2 /* Project object */;
}
